
Microsoft Visual Studio Solution File, Format Version 12.00
# Visual Studio Version 17
VisualStudioVersion = 17.9.34728.123
MinimumVisualStudioVersion = 10.0.40219.1
Project("{FAE04EC0-301F-11D3-BF4B-00C04F79EFBC}") = "switchcase_while", "switchcase_while.csproj", "{20DCAB68-D76A-4D50-A4F8-68925181681C}"
EndProject
Global
	GlobalSection(SolutionConfigurationPlatforms) = preSolution
		Debug|Any CPU = Debug|Any CPU
		Release|Any CPU = Release|Any CPU
	EndGlobalSection
	GlobalSection(ProjectConfigurationPlatforms) = postSolution
		{20DCAB68-D76A-4D50-A4F8-68925181681C}.Debug|Any CPU.ActiveCfg = Debug|Any CPU
		{20DCAB68-D76A-4D50-A4F8-68925181681C}.Debug|Any CPU.Build.0 = Debug|Any CPU
		{20DCAB68-D76A-4D50-A4F8-68925181681C}.Release|Any CPU.ActiveCfg = Release|Any CPU
		{20DCAB68-D76A-4D50-A4F8-68925181681C}.Release|Any CPU.Build.0 = Release|Any CPU
	EndGlobalSection
	GlobalSection(SolutionProperties) = preSolution
		HideSolutionNode = FALSE
	EndGlobalSection
	GlobalSection(ExtensibilityGlobals) = postSolution
		SolutionGuid = {622F1111-2859-43C9-991F-1903C6820CF5}
	EndGlobalSection
EndGlobal
